Microsoft Visual Studio Solution File, Format Version 11.00
# Visual Studio 2008

Project("{BB804D76-4C6C-17B3-C9D3-08BF664CE259}") = "AR  shooter", "Assembly-CSharp.csproj", "{6AC3BA58-BAF8-26E4-15B6-7BDEFC544080}"
EndProject
Project("{BB804D76-4C6C-17B3-C9D3-08BF664CE259}") = "AR  shooter", "Assembly-CSharp-Editor.csproj", "{A5EEA685-D16D-0437-6B80-3D6E3195338D}"
EndProject
Project("{BB804D76-4C6C-17B3-C9D3-08BF664CE259}") = "AR  shooter", "Assembly-UnityScript-Editor-firstpass.unityproj", "{251F77D6-B13C-113C-5F28-06E48FC99A6F}"
EndProject
Global
	GlobalSection(SolutionConfigurationPlatforms) = preSolution
		Debug|Any CPU = Debug|Any CPU
		Release|Any CPU = Release|Any CPU
	EndGlobalSection
	GlobalSection(ProjectConfigurationPlatforms) = postSolution
		{6AC3BA58-BAF8-26E4-15B6-7BDEFC544080}.Debug|Any CPU.ActiveCfg = Debug|Any CPU
		{6AC3BA58-BAF8-26E4-15B6-7BDEFC544080}.Debug|Any CPU.Build.0 = Debug|Any CPU
		{6AC3BA58-BAF8-26E4-15B6-7BDEFC544080}.Release|Any CPU.ActiveCfg = Release|Any CPU
		{6AC3BA58-BAF8-26E4-15B6-7BDEFC544080}.Release|Any CPU.Build.0 = Release|Any CPU
		{A5EEA685-D16D-0437-6B80-3D6E3195338D}.Debug|Any CPU.ActiveCfg = Debug|Any CPU
		{A5EEA685-D16D-0437-6B80-3D6E3195338D}.Debug|Any CPU.Build.0 = Debug|Any CPU
		{A5EEA685-D16D-0437-6B80-3D6E3195338D}.Release|Any CPU.ActiveCfg = Release|Any CPU
		{A5EEA685-D16D-0437-6B80-3D6E3195338D}.Release|Any CPU.Build.0 = Release|Any CPU
		{251F77D6-B13C-113C-5F28-06E48FC99A6F}.Debug|Any CPU.ActiveCfg = Debug|Any CPU
		{251F77D6-B13C-113C-5F28-06E48FC99A6F}.Debug|Any CPU.Build.0 = Debug|Any CPU
		{251F77D6-B13C-113C-5F28-06E48FC99A6F}.Release|Any CPU.ActiveCfg = Release|Any CPU
		{251F77D6-B13C-113C-5F28-06E48FC99A6F}.Release|Any CPU.Build.0 = Release|Any CPU
	EndGlobalSection
	GlobalSection(SolutionProperties) = preSolution
		HideSolutionNode = FALSE
	EndGlobalSection
	GlobalSection(MonoDevelopProperties) = preSolution
		StartupItem = Assembly-CSharp.csproj
	EndGlobalSection
EndGlobal
